
Microsoft Visual Studio Solution File, Format Version 12.00
# Visual Studio Version 17
VisualStudioVersion = 17.7.34018.315
MinimumVisualStudioVersion = 10.0.40219.1
Project("{FAE04EC0-301F-11D3-BF4B-00C04F79EFBC}") = "MauiAppTutorial", "MauiAppTutorial\MauiAppTutorial.csproj", "{50046647-EEF0-42A7-AB37-4151607871C7}"
EndProject
Global
	GlobalSection(SolutionConfigurationPlatforms) = preSolution
		Debug|Any CPU = Debug|Any CPU
		Release|Any CPU = Release|Any CPU
	EndGlobalSection
	GlobalSection(ProjectConfigurationPlatforms) = postSolution
		{50046647-EEF0-42A7-AB37-4151607871C7}.Debug|Any CPU.ActiveCfg = Debug|Any CPU
		{50046647-EEF0-42A7-AB37-4151607871C7}.Debug|Any CPU.Build.0 = Debug|Any CPU
		{50046647-EEF0-42A7-AB37-4151607871C7}.Debug|Any CPU.Deploy.0 = Debug|Any CPU
		{50046647-EEF0-42A7-AB37-4151607871C7}.Release|Any CPU.ActiveCfg = Release|Any CPU
		{50046647-EEF0-42A7-AB37-4151607871C7}.Release|Any CPU.Build.0 = Release|Any CPU
		{50046647-EEF0-42A7-AB37-4151607871C7}.Release|Any CPU.Deploy.0 = Release|Any CPU
	EndGlobalSection
	GlobalSection(SolutionProperties) = preSolution
		HideSolutionNode = FALSE
	EndGlobalSection
	GlobalSection(ExtensibilityGlobals) = postSolution
		SolutionGuid = {B8013A55-D46C-45F3-9F4D-02A748876D64}
	EndGlobalSection
EndGlobal
